
Microsoft Visual Studio Solution File, Format Version 12.00
# Visual Studio Version 16
VisualStudioVersion = 16.0.29613.14
MinimumVisualStudioVersion = 15.0.26124.0
Project("{2150E333-8FDC-42A3-9474-1A3956D46DE8}") = ".solution", ".solution", "{DA83762B-0F68-4EF9-BB4E-02B7C6385F93}"
	ProjectSection(SolutionItems) = preProject
		.github\workflows\build-win.yml = .github\workflows\build-win.yml
		.github\workflows\pr-win.yml = .github\workflows\pr-win.yml
	EndProjectSection
EndProject
Project("{2150E333-8FDC-42A3-9474-1A3956D46DE8}") = "DotNet", "DotNet", "{05AA1058-9C2C-43EC-B53C-F0DF2FB37D02}"
EndProject
Project("{2150E333-8FDC-42A3-9474-1A3956D46DE8}") = "src", "src", "{417D14EB-B636-4EDC-AB20-1CF05414FF0C}"
EndProject
Project("{2150E333-8FDC-42A3-9474-1A3956D46DE8}") = "System", "System", "{DA13B2EB-A106-4264-A52E-84B47AC00117}"
EndProject
Project("{6EC3EE1D-3C4E-46DD-8F32-0CC8E7565705}") = "System.Windows.FSharp", "DotNet\src\System\System.Windows.FSharp\System.Windows.FSharp.fsproj", "{1F705455-336D-4624-A1DA-317E583CF9AB}"
EndProject
Project("{2150E333-8FDC-42A3-9474-1A3956D46DE8}") = "tst", "tst", "{C095D639-5A4D-499D-ADED-2A7C7C44F236}"
EndProject
Project("{9A19103F-16F7-4668-BE54-9A1E7A4F7556}") = "System.CSharp.Tests", "DotNet\tst\System.CSharp.Tests\System.CSharp.Tests.csproj", "{D2DA8900-69D1-4003-B83C-94CEA0FDB409}"
EndProject
Project("{6EC3EE1D-3C4E-46DD-8F32-0CC8E7565705}") = "System.FSharp.Tests", "DotNet\tst\System.FSharp.Tests\System.FSharp.Tests.fsproj", "{13FF0125-4EA4-4FCD-81F6-7E02D7DE8CE1}"
EndProject
Project("{9A19103F-16F7-4668-BE54-9A1E7A4F7556}") = "System.Windows.CSharp.Tests", "DotNet\tst\System.Windows.CSharp.Tests\System.Windows.CSharp.Tests.csproj", "{0CE37970-BC6D-4B0D-B8C6-9B55051A0A7A}"
EndProject
Project("{6EC3EE1D-3C4E-46DD-8F32-0CC8E7565705}") = "System.Windows.FSharp.Tests", "DotNet\tst\System.Windows.FSharp.Tests\System.Windows.FSharp.Tests.fsproj", "{405BA6AE-E8AE-4316-96EB-4AD502D59D4A}"
EndProject
Project("{9A19103F-16F7-4668-BE54-9A1E7A4F7556}") = "System.Windows.CSharp", "DotNet\src\System\System.Windows.CSharp\System.Windows.CSharp.csproj", "{0075118F-AB46-4C76-A5CF-EB3FE579FC74}"
EndProject
Project("{9A19103F-16F7-4668-BE54-9A1E7A4F7556}") = "System.CSharp", "DotNet\src\System\System.CSharp\System.CSharp.csproj", "{0E7DDEA2-13E2-49DC-A5D4-67A300E36A3F}"
EndProject
Project("{6EC3EE1D-3C4E-46DD-8F32-0CC8E7565705}") = "System.FSharp", "DotNet\src\System\System.FSharp\System.FSharp.fsproj", "{58E9258C-73A3-41DC-9E19-1F0A647D2992}"
EndProject
Project("{2150E333-8FDC-42A3-9474-1A3956D46DE8}") = "ROP", "ROP", "{8C90E582-780A-4073-9705-36B85624E36C}"
EndProject
Project("{F2A71F9B-5D33-465A-A702-920D77279786}") = "ROP.FSharp", "DotNet\src\ROP\ROP.FSharp\ROP.FSharp.fsproj", "{0BD9D183-404D-49AF-8157-158A8B11411A}"
EndProject
Project("{FAE04EC0-301F-11D3-BF4B-00C04F79EFBC}") = "ROP.CSharp", "DotNet\src\ROP\ROP.CSharp\ROP.CSharp.csproj", "{5C410D94-6AD7-4E79-936F-B88A2145F3FD}"
EndProject
Global
	GlobalSection(SolutionConfigurationPlatforms) = preSolution
		Debug|Any CPU = Debug|Any CPU
		Debug|x64 = Debug|x64
		Debug|x86 = Debug|x86
		Release|Any CPU = Release|Any CPU
		Release|x64 = Release|x64
		Release|x86 = Release|x86
	EndGlobalSection
	GlobalSection(ProjectConfigurationPlatforms) = postSolution
		{1F705455-336D-4624-A1DA-317E583CF9AB}.Debug|Any CPU.ActiveCfg = Debug|Any CPU
		{1F705455-336D-4624-A1DA-317E583CF9AB}.Debug|Any CPU.Build.0 = Debug|Any CPU
		{1F705455-336D-4624-A1DA-317E583CF9AB}.Debug|x64.ActiveCfg = Debug|Any CPU
		{1F705455-336D-4624-A1DA-317E583CF9AB}.Debug|x64.Build.0 = Debug|Any CPU
		{1F705455-336D-4624-A1DA-317E583CF9AB}.Debug|x86.ActiveCfg = Debug|Any CPU
		{1F705455-336D-4624-A1DA-317E583CF9AB}.Debug|x86.Build.0 = Debug|Any CPU
		{1F705455-336D-4624-A1DA-317E583CF9AB}.Release|Any CPU.ActiveCfg = Release|Any CPU
		{1F705455-336D-4624-A1DA-317E583CF9AB}.Release|Any CPU.Build.0 = Release|Any CPU
		{1F705455-336D-4624-A1DA-317E583CF9AB}.Release|x64.ActiveCfg = Release|Any CPU
		{1F705455-336D-4624-A1DA-317E583CF9AB}.Release|x64.Build.0 = Release|Any CPU
		{1F705455-336D-4624-A1DA-317E583CF9AB}.Release|x86.ActiveCfg = Release|Any CPU
		{1F705455-336D-4624-A1DA-317E583CF9AB}.Release|x86.Build.0 = Release|Any CPU
		{D2DA8900-69D1-4003-B83C-94CEA0FDB409}.Debug|Any CPU.ActiveCfg = Debug|Any CPU
		{D2DA8900-69D1-4003-B83C-94CEA0FDB409}.Debug|Any CPU.Build.0 = Debug|Any CPU
		{D2DA8900-69D1-4003-B83C-94CEA0FDB409}.Debug|x64.ActiveCfg = Debug|Any CPU
		{D2DA8900-69D1-4003-B83C-94CEA0FDB409}.Debug|x64.Build.0 = Debug|Any CPU
		{D2DA8900-69D1-4003-B83C-94CEA0FDB409}.Debug|x86.ActiveCfg = Debug|Any CPU
		{D2DA8900-69D1-4003-B83C-94CEA0FDB409}.Debug|x86.Build.0 = Debug|Any CPU
		{D2DA8900-69D1-4003-B83C-94CEA0FDB409}.Release|Any CPU.ActiveCfg = Release|Any CPU
		{D2DA8900-69D1-4003-B83C-94CEA0FDB409}.Release|Any CPU.Build.0 = Release|Any CPU
		{D2DA8900-69D1-4003-B83C-94CEA0FDB409}.Release|x64.ActiveCfg = Release|Any CPU
		{D2DA8900-69D1-4003-B83C-94CEA0FDB409}.Release|x64.Build.0 = Release|Any CPU
		{D2DA8900-69D1-4003-B83C-94CEA0FDB409}.Release|x86.ActiveCfg = Release|Any CPU
		{D2DA8900-69D1-4003-B83C-94CEA0FDB409}.Release|x86.Build.0 = Release|Any CPU
		{13FF0125-4EA4-4FCD-81F6-7E02D7DE8CE1}.Debug|Any CPU.ActiveCfg = Debug|Any CPU
		{13FF0125-4EA4-4FCD-81F6-7E02D7DE8CE1}.Debug|Any CPU.Build.0 = Debug|Any CPU
		{13FF0125-4EA4-4FCD-81F6-7E02D7DE8CE1}.Debug|x64.ActiveCfg = Debug|Any CPU
		{13FF0125-4EA4-4FCD-81F6-7E02D7DE8CE1}.Debug|x64.Build.0 = Debug|Any CPU
		{13FF0125-4EA4-4FCD-81F6-7E02D7DE8CE1}.Debug|x86.ActiveCfg = Debug|Any CPU
		{13FF0125-4EA4-4FCD-81F6-7E02D7DE8CE1}.Debug|x86.Build.0 = Debug|Any CPU
		{13FF0125-4EA4-4FCD-81F6-7E02D7DE8CE1}.Release|Any CPU.ActiveCfg = Release|Any CPU
		{13FF0125-4EA4-4FCD-81F6-7E02D7DE8CE1}.Release|Any CPU.Build.0 = Release|Any CPU
		{13FF0125-4EA4-4FCD-81F6-7E02D7DE8CE1}.Release|x64.ActiveCfg = Release|Any CPU
		{13FF0125-4EA4-4FCD-81F6-7E02D7DE8CE1}.Release|x64.Build.0 = Release|Any CPU
		{13FF0125-4EA4-4FCD-81F6-7E02D7DE8CE1}.Release|x86.ActiveCfg = Release|Any CPU
		{13FF0125-4EA4-4FCD-81F6-7E02D7DE8CE1}.Release|x86.Build.0 = Release|Any CPU
		{0CE37970-BC6D-4B0D-B8C6-9B55051A0A7A}.Debug|Any CPU.ActiveCfg = Debug|Any CPU
		{0CE37970-BC6D-4B0D-B8C6-9B55051A0A7A}.Debug|Any CPU.Build.0 = Debug|Any CPU
		{0CE37970-BC6D-4B0D-B8C6-9B55051A0A7A}.Debug|x64.ActiveCfg = Debug|Any CPU
		{0CE37970-BC6D-4B0D-B8C6-9B55051A0A7A}.Debug|x64.Build.0 = Debug|Any CPU
		{0CE37970-BC6D-4B0D-B8C6-9B55051A0A7A}.Debug|x86.ActiveCfg = Debug|Any CPU
		{0CE37970-BC6D-4B0D-B8C6-9B55051A0A7A}.Debug|x86.Build.0 = Debug|Any CPU
		{0CE37970-BC6D-4B0D-B8C6-9B55051A0A7A}.Release|Any CPU.ActiveCfg = Release|Any CPU
		{0CE37970-BC6D-4B0D-B8C6-9B55051A0A7A}.Release|Any CPU.Build.0 = Release|Any CPU
		{0CE37970-BC6D-4B0D-B8C6-9B55051A0A7A}.Release|x64.ActiveCfg = Release|Any CPU
		{0CE37970-BC6D-4B0D-B8C6-9B55051A0A7A}.Release|x64.Build.0 = Release|Any CPU
		{0CE37970-BC6D-4B0D-B8C6-9B55051A0A7A}.Release|x86.ActiveCfg = Release|Any CPU
		{0CE37970-BC6D-4B0D-B8C6-9B55051A0A7A}.Release|x86.Build.0 = Release|Any CPU
		{405BA6AE-E8AE-4316-96EB-4AD502D59D4A}.Debug|Any CPU.ActiveCfg = Debug|Any CPU
		{405BA6AE-E8AE-4316-96EB-4AD502D59D4A}.Debug|Any CPU.Build.0 = Debug|Any CPU
		{405BA6AE-E8AE-4316-96EB-4AD502D59D4A}.Debug|x64.ActiveCfg = Debug|Any CPU
		{405BA6AE-E8AE-4316-96EB-4AD502D59D4A}.Debug|x64.Build.0 = Debug|Any CPU
		{405BA6AE-E8AE-4316-96EB-4AD502D59D4A}.Debug|x86.ActiveCfg = Debug|Any CPU
		{405BA6AE-E8AE-4316-96EB-4AD502D59D4A}.Debug|x86.Build.0 = Debug|Any CPU
		{405BA6AE-E8AE-4316-96EB-4AD502D59D4A}.Release|Any CPU.ActiveCfg = Release|Any CPU
		{405BA6AE-E8AE-4316-96EB-4AD502D59D4A}.Release|Any CPU.Build.0 = Release|Any CPU
		{405BA6AE-E8AE-4316-96EB-4AD502D59D4A}.Release|x64.ActiveCfg = Release|Any CPU
		{405BA6AE-E8AE-4316-96EB-4AD502D59D4A}.Release|x64.Build.0 = Release|Any CPU
		{405BA6AE-E8AE-4316-96EB-4AD502D59D4A}.Release|x86.ActiveCfg = Release|Any CPU
		{405BA6AE-E8AE-4316-96EB-4AD502D59D4A}.Release|x86.Build.0 = Release|Any CPU
		{0075118F-AB46-4C76-A5CF-EB3FE579FC74}.Debug|Any CPU.ActiveCfg = Debug|Any CPU
		{0075118F-AB46-4C76-A5CF-EB3FE579FC74}.Debug|Any CPU.Build.0 = Debug|Any CPU
		{0075118F-AB46-4C76-A5CF-EB3FE579FC74}.Debug|x64.ActiveCfg = Debug|Any CPU
		{0075118F-AB46-4C76-A5CF-EB3FE579FC74}.Debug|x64.Build.0 = Debug|Any CPU
		{0075118F-AB46-4C76-A5CF-EB3FE579FC74}.Debug|x86.ActiveCfg = Debug|Any CPU
		{0075118F-AB46-4C76-A5CF-EB3FE579FC74}.Debug|x86.Build.0 = Debug|Any CPU
		{0075118F-AB46-4C76-A5CF-EB3FE579FC74}.Release|Any CPU.ActiveCfg = Release|Any CPU
		{0075118F-AB46-4C76-A5CF-EB3FE579FC74}.Release|Any CPU.Build.0 = Release|Any CPU
		{0075118F-AB46-4C76-A5CF-EB3FE579FC74}.Release|x64.ActiveCfg = Release|Any CPU
		{0075118F-AB46-4C76-A5CF-EB3FE579FC74}.Release|x64.Build.0 = Release|Any CPU
		{0075118F-AB46-4C76-A5CF-EB3FE579FC74}.Release|x86.ActiveCfg = Release|Any CPU
		{0075118F-AB46-4C76-A5CF-EB3FE579FC74}.Release|x86.Build.0 = Release|Any CPU
		{0E7DDEA2-13E2-49DC-A5D4-67A300E36A3F}.Debug|Any CPU.ActiveCfg = Debug|Any CPU
		{0E7DDEA2-13E2-49DC-A5D4-67A300E36A3F}.Debug|Any CPU.Build.0 = Debug|Any CPU
		{0E7DDEA2-13E2-49DC-A5D4-67A300E36A3F}.Debug|x64.ActiveCfg = Debug|Any CPU
		{0E7DDEA2-13E2-49DC-A5D4-67A300E36A3F}.Debug|x64.Build.0 = Debug|Any CPU
		{0E7DDEA2-13E2-49DC-A5D4-67A300E36A3F}.Debug|x86.ActiveCfg = Debug|Any CPU
		{0E7DDEA2-13E2-49DC-A5D4-67A300E36A3F}.Debug|x86.Build.0 = Debug|Any CPU
		{0E7DDEA2-13E2-49DC-A5D4-67A300E36A3F}.Release|Any CPU.ActiveCfg = Release|Any CPU
		{0E7DDEA2-13E2-49DC-A5D4-67A300E36A3F}.Release|Any CPU.Build.0 = Release|Any CPU
		{0E7DDEA2-13E2-49DC-A5D4-67A300E36A3F}.Release|x64.ActiveCfg = Release|Any CPU
		{0E7DDEA2-13E2-49DC-A5D4-67A300E36A3F}.Release|x64.Build.0 = Release|Any CPU
		{0E7DDEA2-13E2-49DC-A5D4-67A300E36A3F}.Release|x86.ActiveCfg = Release|Any CPU
		{0E7DDEA2-13E2-49DC-A5D4-67A300E36A3F}.Release|x86.Build.0 = Release|Any CPU
		{58E9258C-73A3-41DC-9E19-1F0A647D2992}.Debug|Any CPU.ActiveCfg = Debug|Any CPU
		{58E9258C-73A3-41DC-9E19-1F0A647D2992}.Debug|Any CPU.Build.0 = Debug|Any CPU
		{58E9258C-73A3-41DC-9E19-1F0A647D2992}.Debug|x64.ActiveCfg = Debug|Any CPU
		{58E9258C-73A3-41DC-9E19-1F0A647D2992}.Debug|x64.Build.0 = Debug|Any CPU
		{58E9258C-73A3-41DC-9E19-1F0A647D2992}.Debug|x86.ActiveCfg = Debug|Any CPU
		{58E9258C-73A3-41DC-9E19-1F0A647D2992}.Debug|x86.Build.0 = Debug|Any CPU
		{58E9258C-73A3-41DC-9E19-1F0A647D2992}.Release|Any CPU.ActiveCfg = Release|Any CPU
		{58E9258C-73A3-41DC-9E19-1F0A647D2992}.Release|Any CPU.Build.0 = Release|Any CPU
		{58E9258C-73A3-41DC-9E19-1F0A647D2992}.Release|x64.ActiveCfg = Release|Any CPU
		{58E9258C-73A3-41DC-9E19-1F0A647D2992}.Release|x64.Build.0 = Release|Any CPU
		{58E9258C-73A3-41DC-9E19-1F0A647D2992}.Release|x86.ActiveCfg = Release|Any CPU
		{58E9258C-73A3-41DC-9E19-1F0A647D2992}.Release|x86.Build.0 = Release|Any CPU
		{0BD9D183-404D-49AF-8157-158A8B11411A}.Debug|Any CPU.ActiveCfg = Debug|Any CPU
		{0BD9D183-404D-49AF-8157-158A8B11411A}.Debug|Any CPU.Build.0 = Debug|Any CPU
		{0BD9D183-404D-49AF-8157-158A8B11411A}.Debug|x64.ActiveCfg = Debug|Any CPU
		{0BD9D183-404D-49AF-8157-158A8B11411A}.Debug|x64.Build.0 = Debug|Any CPU
		{0BD9D183-404D-49AF-8157-158A8B11411A}.Debug|x86.ActiveCfg = Debug|Any CPU
		{0BD9D183-404D-49AF-8157-158A8B11411A}.Debug|x86.Build.0 = Debug|Any CPU
		{0BD9D183-404D-49AF-8157-158A8B11411A}.Release|Any CPU.ActiveCfg = Release|Any CPU
		{0BD9D183-404D-49AF-8157-158A8B11411A}.Release|Any CPU.Build.0 = Release|Any CPU
		{0BD9D183-404D-49AF-8157-158A8B11411A}.Release|x64.ActiveCfg = Release|Any CPU
		{0BD9D183-404D-49AF-8157-158A8B11411A}.Release|x64.Build.0 = Release|Any CPU
		{0BD9D183-404D-49AF-8157-158A8B11411A}.Release|x86.ActiveCfg = Release|Any CPU
		{0BD9D183-404D-49AF-8157-158A8B11411A}.Release|x86.Build.0 = Release|Any CPU
		{5C410D94-6AD7-4E79-936F-B88A2145F3FD}.Debug|Any CPU.ActiveCfg = Debug|Any CPU
		{5C410D94-6AD7-4E79-936F-B88A2145F3FD}.Debug|Any CPU.Build.0 = Debug|Any CPU
		{5C410D94-6AD7-4E79-936F-B88A2145F3FD}.Debug|x64.ActiveCfg = Debug|Any CPU
		{5C410D94-6AD7-4E79-936F-B88A2145F3FD}.Debug|x64.Build.0 = Debug|Any CPU
		{5C410D94-6AD7-4E79-936F-B88A2145F3FD}.Debug|x86.ActiveCfg = Debug|Any CPU
		{5C410D94-6AD7-4E79-936F-B88A2145F3FD}.Debug|x86.Build.0 = Debug|Any CPU
		{5C410D94-6AD7-4E79-936F-B88A2145F3FD}.Release|Any CPU.ActiveCfg = Release|Any CPU
		{5C410D94-6AD7-4E79-936F-B88A2145F3FD}.Release|Any CPU.Build.0 = Release|Any CPU
		{5C410D94-6AD7-4E79-936F-B88A2145F3FD}.Release|x64.ActiveCfg = Release|Any CPU
		{5C410D94-6AD7-4E79-936F-B88A2145F3FD}.Release|x64.Build.0 = Release|Any CPU
		{5C410D94-6AD7-4E79-936F-B88A2145F3FD}.Release|x86.ActiveCfg = Release|Any CPU
		{5C410D94-6AD7-4E79-936F-B88A2145F3FD}.Release|x86.Build.0 = Release|Any CPU
	EndGlobalSection
	GlobalSection(SolutionProperties) = preSolution
		HideSolutionNode = FALSE
	EndGlobalSection
	GlobalSection(NestedProjects) = preSolution
		{417D14EB-B636-4EDC-AB20-1CF05414FF0C} = {05AA1058-9C2C-43EC-B53C-F0DF2FB37D02}
		{DA13B2EB-A106-4264-A52E-84B47AC00117} = {417D14EB-B636-4EDC-AB20-1CF05414FF0C}
		{1F705455-336D-4624-A1DA-317E583CF9AB} = {DA13B2EB-A106-4264-A52E-84B47AC00117}
		{C095D639-5A4D-499D-ADED-2A7C7C44F236} = {05AA1058-9C2C-43EC-B53C-F0DF2FB37D02}
		{D2DA8900-69D1-4003-B83C-94CEA0FDB409} = {C095D639-5A4D-499D-ADED-2A7C7C44F236}
		{13FF0125-4EA4-4FCD-81F6-7E02D7DE8CE1} = {C095D639-5A4D-499D-ADED-2A7C7C44F236}
		{0CE37970-BC6D-4B0D-B8C6-9B55051A0A7A} = {C095D639-5A4D-499D-ADED-2A7C7C44F236}
		{405BA6AE-E8AE-4316-96EB-4AD502D59D4A} = {C095D639-5A4D-499D-ADED-2A7C7C44F236}
		{0075118F-AB46-4C76-A5CF-EB3FE579FC74} = {DA13B2EB-A106-4264-A52E-84B47AC00117}
		{0E7DDEA2-13E2-49DC-A5D4-67A300E36A3F} = {DA13B2EB-A106-4264-A52E-84B47AC00117}
		{58E9258C-73A3-41DC-9E19-1F0A647D2992} = {DA13B2EB-A106-4264-A52E-84B47AC00117}
		{8C90E582-780A-4073-9705-36B85624E36C} = {417D14EB-B636-4EDC-AB20-1CF05414FF0C}
		{0BD9D183-404D-49AF-8157-158A8B11411A} = {8C90E582-780A-4073-9705-36B85624E36C}
		{5C410D94-6AD7-4E79-936F-B88A2145F3FD} = {8C90E582-780A-4073-9705-36B85624E36C}
	EndGlobalSection
	GlobalSection(ExtensibilityGlobals) = postSolution
		SolutionGuid = {D6E12028-6303-4C59-A1F1-66E62BDFA390}
	EndGlobalSection
EndGlobal
